
Microsoft Visual Studio Solution File, Format Version 12.00
# Visual Studio Version 17
VisualStudioVersion = 17.8.34525.116
MinimumVisualStudioVersion = 10.0.40219.1
Project("{9A19103F-16F7-4668-BE54-9A1E7A4F7556}") = "FoodConsDev", "FoodConsDev.csproj", "{E6F0F5A3-FE4E-432D-9576-EAA799D0B7E2}"
EndProject
Project("{9A19103F-16F7-4668-BE54-9A1E7A4F7556}") = "FoodConsluting.Data", "..\FoodConsluting.Data\FoodConsluting.Data.csproj", "{9A824578-6233-4886-A731-14141C1DC843}"
EndProject
Project("{9A19103F-16F7-4668-BE54-9A1E7A4F7556}") = "FoodConsluting.Models", "..\FoodConsluting.Models\FoodConsluting.Models.csproj", "{5EFFB71B-1E2C-4F1B-87F6-B2790ADB2041}"
EndProject
Project("{9A19103F-16F7-4668-BE54-9A1E7A4F7556}") = "FoodConsluting.Services", "..\FoodConsluting.Services\FoodConsluting.Services.csproj", "{621AF835-569F-40FC-A8BD-83D0A3839CA7}"
EndProject
Project("{9A19103F-16F7-4668-BE54-9A1E7A4F7556}") = "FoodConsluting.Repositories", "..\FoodConsluting.Repositories\FoodConsluting.Repositories.csproj", "{4D1BBE1E-352C-45D2-82DC-C724582DFD79}"
EndProject
Global
	GlobalSection(SolutionConfigurationPlatforms) = preSolution
		Debug|Any CPU = Debug|Any CPU
		Release|Any CPU = Release|Any CPU
	EndGlobalSection
	GlobalSection(ProjectConfigurationPlatforms) = postSolution
		{E6F0F5A3-FE4E-432D-9576-EAA799D0B7E2}.Debug|Any CPU.ActiveCfg = Debug|Any CPU
		{E6F0F5A3-FE4E-432D-9576-EAA799D0B7E2}.Debug|Any CPU.Build.0 = Debug|Any CPU
		{E6F0F5A3-FE4E-432D-9576-EAA799D0B7E2}.Release|Any CPU.ActiveCfg = Release|Any CPU
		{E6F0F5A3-FE4E-432D-9576-EAA799D0B7E2}.Release|Any CPU.Build.0 = Release|Any CPU
		{9A824578-6233-4886-A731-14141C1DC843}.Debug|Any CPU.ActiveCfg = Debug|Any CPU
		{9A824578-6233-4886-A731-14141C1DC843}.Debug|Any CPU.Build.0 = Debug|Any CPU
		{9A824578-6233-4886-A731-14141C1DC843}.Release|Any CPU.ActiveCfg = Release|Any CPU
		{9A824578-6233-4886-A731-14141C1DC843}.Release|Any CPU.Build.0 = Release|Any CPU
		{5EFFB71B-1E2C-4F1B-87F6-B2790ADB2041}.Debug|Any CPU.ActiveCfg = Debug|Any CPU
		{5EFFB71B-1E2C-4F1B-87F6-B2790ADB2041}.Debug|Any CPU.Build.0 = Debug|Any CPU
		{5EFFB71B-1E2C-4F1B-87F6-B2790ADB2041}.Release|Any CPU.ActiveCfg = Release|Any CPU
		{5EFFB71B-1E2C-4F1B-87F6-B2790ADB2041}.Release|Any CPU.Build.0 = Release|Any CPU
		{621AF835-569F-40FC-A8BD-83D0A3839CA7}.Debug|Any CPU.ActiveCfg = Debug|Any CPU
		{621AF835-569F-40FC-A8BD-83D0A3839CA7}.Debug|Any CPU.Build.0 = Debug|Any CPU
		{621AF835-569F-40FC-A8BD-83D0A3839CA7}.Release|Any CPU.ActiveCfg = Release|Any CPU
		{621AF835-569F-40FC-A8BD-83D0A3839CA7}.Release|Any CPU.Build.0 = Release|Any CPU
		{4D1BBE1E-352C-45D2-82DC-C724582DFD79}.Debug|Any CPU.ActiveCfg = Debug|Any CPU
		{4D1BBE1E-352C-45D2-82DC-C724582DFD79}.Debug|Any CPU.Build.0 = Debug|Any CPU
		{4D1BBE1E-352C-45D2-82DC-C724582DFD79}.Release|Any CPU.ActiveCfg = Release|Any CPU
		{4D1BBE1E-352C-45D2-82DC-C724582DFD79}.Release|Any CPU.Build.0 = Release|Any CPU
	EndGlobalSection
	GlobalSection(SolutionProperties) = preSolution
		HideSolutionNode = FALSE
	EndGlobalSection
	GlobalSection(ExtensibilityGlobals) = postSolution
		SolutionGuid = {51865032-960F-4156-99B9-A173D667D4AF}
	EndGlobalSection
EndGlobal
